// !$*UTF8*$!
{
	archiveVersion = 1;
	classes = {
	};
	objectVersion = 77;
	objects = {

/* Begin PBXContainerItemProxy section */
		5336DEE62DF9E50D005ED559 /* PBXContainerItemProxy */ = {
			isa = PBXContainerItemProxy;
			containerPortal = 5336DEC82DF9E509005ED559 /* Project object */;
			proxyType = 1;
			remoteGlobalIDString = 5336DECF2DF9E509005ED559;
			remoteInfo = Roommate;
		};
		5336DEF02DF9E50D005ED559 /* PBXContainerItemProxy */ = {
			isa = PBXContainerItemProxy;
			containerPortal = 5336DEC82DF9E509005ED559 /* Project object */;
			proxyType = 1;
			remoteGlobalIDString = 5336DECF2DF9E509005ED559;
			remoteInfo = Roommate;
		};
/* End PBXContainerItemProxy section */

/* Begin PBXFileReference section */
		5336DED02DF9E509005ED559 /* Roommate.app */ = {isa = PBXFileReference; explicitFileType = wrapper.application; includeInIndex = 0; path = Roommate.app; sourceTree = BUILT_PRODUCTS_DIR; };
		5336DEE52DF9E50D005ED559 /* RoommateTests.xctest */ = {isa = PBXFileReference; explicitFileType = wrapper.cfbundle; includeInIndex = 0; path = RoommateTests.xctest; sourceTree = BUILT_PRODUCTS_DIR; };
		5336DEEF2DF9E50D005ED559 /* RoommateUITests.xctest */ = {isa = PBXFileReference; explicitFileType = wrapper.cfbundle; includeInIndex = 0; path = RoommateUITests.xctest; sourceTree = BUILT_PRODUCTS_DIR; };
/* End PBXFileReference section */

/* Begin PBXFileSystemSynchronizedBuildFileExceptionSet section */
		5346B2DA2E2425EB00B3D3B3 /* Exceptions for "RoommateTests" folder in "Roommate" target */ = {
			isa = PBXFileSystemSynchronizedBuildFileExceptionSet;
			membershipExceptions = (
				MockReservationService.swift,
			);
			target = 5336DECF2DF9E509005ED559 /* Roommate */;
		};
		5346B2DB2E2425EB00B3D3B3 /* Exceptions for "RoommateTests" folder in "RoommateTests" target */ = {
			isa = PBXFileSystemSynchronizedBuildFileExceptionSet;
			membershipExceptions = (
				MockReservationService.swift,
			);
			target = 5336DEE42DF9E50D005ED559 /* RoommateTests */;
		};
/* End PBXFileSystemSynchronizedBuildFileExceptionSet section */

/* Begin PBXFileSystemSynchronizedRootGroup section */
		5336DED22DF9E509005ED559 /* Roommate */ = {
			isa = PBXFileSystemSynchronizedRootGroup;
			path = Roommate;
			sourceTree = "<group>";
		};
		5336DEE82DF9E50D005ED559 /* RoommateTests */ = {
			isa = PBXFileSystemSynchronizedRootGroup;
			exceptions = (
				5346B2DA2E2425EB00B3D3B3 /* Exceptions for "RoommateTests" folder in "Roommate" target */,
				5346B2DB2E2425EB00B3D3B3 /* Exceptions for "RoommateTests" folder in "RoommateTests" target */,
			);
			path = RoommateTests;
			sourceTree = "<group>";
		};
		5336DEF22DF9E50D005ED559 /* RoommateUITests */ = {
			isa = PBXFileSystemSynchronizedRootGroup;
			path = RoommateUITests;
			sourceTree = "<group>";
		};
/* End PBXFileSystemSynchronizedRootGroup section */

/* Begin PBXFrameworksBuildPhase section */
		5336DECD2DF9E509005ED559 /* Frameworks */ = {
			isa = PBXFrameworksBuildPhase;
			buildActionMask = 2147483647;
			files = (
			);
			runOnlyForDeploymentPostprocessing = 0;
		};
		5336DEE22DF9E50D005ED559 /* Frameworks */ = {
			isa = PBXFrameworksBuildPhase;
			buildActionMask = 2147483647;
			files = (
			);
			runOnlyForDeploymentPostprocessing = 0;
		};
		5336DEEC2DF9E50D005ED559 /* Frameworks */ = {
			isa = PBXFrameworksBuildPhase;
			buildActionMask = 2147483647;
			files = (
			);
			runOnlyForDeploymentPostprocessing = 0;
		};
/* End PBXFrameworksBuildPhase section */

/* Begin PBXGroup section */
		5336DEC72DF9E509005ED559 = {
			isa = PBXGroup;
			children = (
				5336DED22DF9E509005ED559 /* Roommate */,
				5336DEE82DF9E50D005ED559 /* RoommateTests */,
				5336DEF22DF9E50D005ED559 /* RoommateUITests */,
				5336DED12DF9E509005ED559 /* Products */,
			);
			sourceTree = "<group>";
		};
		5336DED12DF9E509005ED559 /* Products */ = {
			isa = PBXGroup;
			children = (
				5336DED02DF9E509005ED559 /* Roommate.app */,
				5336DEE52DF9E50D005ED559 /* RoommateTests.xctest */,
				5336DEEF2DF9E50D005ED559 /* RoommateUITests.xctest */,
			);
			name = Products;
			sourceTree = "<group>";
		};
/* End PBXGroup section */

/* Begin PBXNativeTarget section */
		5336DECF2DF9E509005ED559 /* Roommate */ = {
			isa = PBXNativeTarget;
			buildConfigurationList = 5336DEF92DF9E50D005ED559 /* Build configuration list for PBXNativeTarget "Roommate" */;
			buildPhases = (
				5336DECC2DF9E509005ED559 /* Sources */,
				5336DECD2DF9E509005ED559 /* Frameworks */,
				5336DECE2DF9E509005ED559 /* Resources */,
			);
			buildRules = (
			);
			dependencies = (
			);
			fileSystemSynchronizedGroups = (
				5336DED22DF9E509005ED559 /* Roommate */,
			);
			name = Roommate;
			packageProductDependencies = (
			);
			productName = Roommate;
			productReference = 5336DED02DF9E509005ED559 /* Roommate.app */;
			productType = "com.apple.product-type.application";
		};
		5336DEE42DF9E50D005ED559 /* RoommateTests */ = {
			isa = PBXNativeTarget;
			buildConfigurationList = 5336DEFC2DF9E50D005ED559 /* Build configuration list for PBXNativeTarget "RoommateTests" */;
			buildPhases = (
				5336DEE12DF9E50D005ED559 /* Sources */,
				5336DEE22DF9E50D005ED559 /* Frameworks */,
				5336DEE32DF9E50D005ED559 /* Resources */,
			);
			buildRules = (
			);
			dependencies = (
				5336DEE72DF9E50D005ED559 /* PBXTargetDependency */,
			);
			fileSystemSynchronizedGroups = (
				5336DEE82DF9E50D005ED559 /* RoommateTests */,
			);
			name = RoommateTests;
			packageProductDependencies = (
			);
			productName = RoommateTests;
			productReference = 5336DEE52DF9E50D005ED559 /* RoommateTests.xctest */;
			productType = "com.apple.product-type.bundle.unit-test";
		};
		5336DEEE2DF9E50D005ED559 /* RoommateUITests */ = {
			isa = PBXNativeTarget;
			buildConfigurationList = 5336DEFF2DF9E50D005ED559 /* Build configuration list for PBXNativeTarget "RoommateUITests" */;
			buildPhases = (
				5336DEEB2DF9E50D005ED559 /* Sources */,
				5336DEEC2DF9E50D005ED559 /* Frameworks */,
				5336DEED2DF9E50D005ED559 /* Resources */,
			);
			buildRules = (
			);
			dependencies = (
				5336DEF12DF9E50D005ED559 /* PBXTargetDependency */,
			);
			fileSystemSynchronizedGroups = (
				5336DEF22DF9E50D005ED559 /* RoommateUITests */,
			);
			name = RoommateUITests;
			packageProductDependencies = (
			);
			productName = RoommateUITests;
			productReference = 5336DEEF2DF9E50D005ED559 /* RoommateUITests.xctest */;
			productType = "com.apple.product-type.bundle.ui-testing";
		};
/* End PBXNativeTarget section */

/* Begin PBXProject section */
		5336DEC82DF9E509005ED559 /* Project object */ = {
			isa = PBXProject;
			attributes = {
				BuildIndependentTargetsInParallel = 1;
				LastSwiftUpdateCheck = 1610;
				LastUpgradeCheck = 1610;
				TargetAttributes = {
					5336DECF2DF9E509005ED559 = {
						CreatedOnToolsVersion = 16.1;
					};
					5336DEE42DF9E50D005ED559 = {
						CreatedOnToolsVersion = 16.1;
						TestTargetID = 5336DECF2DF9E509005ED559;
					};
					5336DEEE2DF9E50D005ED559 = {
						CreatedOnToolsVersion = 16.1;
						TestTargetID = 5336DECF2DF9E509005ED559;
					};
				};
			};
			buildConfigurationList = 5336DECB2DF9E509005ED559 /* Build configuration list for PBXProject "Roommate" */;
			developmentRegion = en;
			hasScannedForEncodings = 0;
			knownRegions = (
				en,
				Base,
			);
			mainGroup = 5336DEC72DF9E509005ED559;
			minimizedProjectReferenceProxies = 1;
			preferredProjectObjectVersion = 77;
			productRefGroup = 5336DED12DF9E509005ED559 /* Products */;
			projectDirPath = "";
			projectRoot = "";
			targets = (
				5336DECF2DF9E509005ED559 /* Roommate */,
				5336DEE42DF9E50D005ED559 /* RoommateTests */,
				5336DEEE2DF9E50D005ED559 /* RoommateUITests */,
			);
		};
/* End PBXProject section */

/* Begin PBXResourcesBuildPhase section */
		5336DECE2DF9E509005ED559 /* Resources */ = {
			isa = PBXResourcesBuildPhase;
			buildActionMask = 2147483647;
			files = (
			);
			runOnlyForDeploymentPostprocessing = 0;
		};
		5336DEE32DF9E50D005ED559 /* Resources */ = {
			isa = PBXResourcesBuildPhase;
			buildActionMask = 2147483647;
			files = (
			);
			runOnlyForDeploymentPostprocessing = 0;
		};
		5336DEED2DF9E50D005ED559 /* Resources */ = {
			isa = PBXResourcesBuildPhase;
			buildActionMask = 2147483647;
			files = (
			);
			runOnlyForDeploymentPostprocessing = 0;
		};
/* End PBXResourcesBuildPhase section */

/* Begin PBXSourcesBuildPhase section */
		5336DECC2DF9E509005ED559 /* Sources */ = {
			isa = PBXSourcesBuildPhase;
			buildActionMask = 2147483647;
			files = (
			);
			runOnlyForDeploymentPostprocessing = 0;
		};
		5336DEE12DF9E50D005ED559 /* Sources */ = {
			isa = PBXSourcesBuildPhase;
			buildActionMask = 2147483647;
			files = (
			);
			runOnlyForDeploymentPostprocessing = 0;
		};
		5336DEEB2DF9E50D005ED559 /* Sources */ = {
			isa = PBXSourcesBuildPhase;
			buildActionMask = 2147483647;
			files = (
			);
			runOnlyForDeploymentPostprocessing = 0;
		};
/* End PBXSourcesBuildPhase section */

/* Begin PBXTargetDependency section */
		5336DEE72DF9E50D005ED559 /* PBXTargetDependency */ = {
			isa = PBXTargetDependency;
			target = 5336DECF2DF9E509005ED559 /* Roommate */;
			targetProxy = 5336DEE62DF9E50D005ED559 /* PBXContainerItemProxy */;
		};
		5336DEF12DF9E50D005ED559 /* PBXTargetDependency */ = {
			isa = PBXTargetDependency;
			target = 5336DECF2DF9E509005ED559 /* Roommate */;
			targetProxy = 5336DEF02DF9E50D005ED559 /* PBXContainerItemProxy */;
		};
/* End PBXTargetDependency section */

/* Begin XCBuildConfiguration section */
		5336DEF72DF9E50D005ED559 /* Debug */ = {
			isa = XCBuildConfiguration;
			buildSettings = {
				ALWAYS_SEARCH_USER_PATHS = NO;
				ASSETCATALOG_COMPILER_GENERATE_SWIFT_ASSET_SYMBOL_EXTENSIONS = YES;
				CLANG_ANALYZER_NONNULL = YES;
				CLANG_ANALYZER_NUMBER_OBJECT_CONVERSION = YES_AGGRESSIVE;
				CLANG_CXX_LANGUAGE_STANDARD = "gnu++20";
				CLANG_ENABLE_MODULES = YES;
				CLANG_ENABLE_OBJC_ARC = YES;
				CLANG_ENABLE_OBJC_WEAK = YES;
				CLANG_WARN_BLOCK_CAPTURE_AUTORELEASING = YES;
				CLANG_WARN_BOOL_CONVERSION = YES;
				CLANG_WARN_COMMA = YES;
				CLANG_WARN_CONSTANT_CONVERSION = YES;
				CLANG_WARN_DEPRECATED_OBJC_IMPLEMENTATIONS = YES;
				CLANG_WARN_DIRECT_OBJC_ISA_USAGE = YES_ERROR;
				CLANG_WARN_DOCUMENTATION_COMMENTS = YES;
				CLANG_WARN_EMPTY_BODY = YES;
				CLANG_WARN_ENUM_CONVERSION = YES;
				CLANG_WARN_INFINITE_RECURSION = YES;
				CLANG_WARN_INT_CONVERSION = YES;
				CLANG_WARN_NON_LITERAL_NULL_CONVERSION = YES;
				CLANG_WARN_OBJC_IMPLICIT_RETAIN_SELF = YES;
				CLANG_WARN_OBJC_LITERAL_CONVERSION = YES;
				CLANG_WARN_OBJC_ROOT_CLASS = YES_ERROR;
				CLANG_WARN_QUOTED_INCLUDE_IN_FRAMEWORK_HEADER = YES;
				CLANG_WARN_RANGE_LOOP_ANALYSIS = YES;
				CLANG_WARN_STRICT_PROTOTYPES = YES;
				CLANG_WARN_SUSPICIOUS_MOVE = YES;
				CLANG_WARN_UNGUARDED_AVAILABILITY = YES_AGGRESSIVE;
				CLANG_WARN_UNREACHABLE_CODE = YES;
				CLANG_WARN__DUPLICATE_METHOD_MATCH = YES;
				COPY_PHASE_STRIP = NO;
				DEBUG_INFORMATION_FORMAT = dwarf;
				ENABLE_STRICT_OBJC_MSGSEND = YES;
				ENABLE_TESTABILITY = YES;
				ENABLE_USER_SCRIPT_SANDBOXING = YES;
				GCC_C_LANGUAGE_STANDARD = gnu17;
				GCC_DYNAMIC_NO_PIC = NO;
				GCC_NO_COMMON_BLOCKS = YES;
				GCC_OPTIMIZATION_LEVEL = 0;
				GCC_PREPROCESSOR_DEFINITIONS = (
					"DEBUG=1",
					"$(inherited)",
				);
				GCC_WARN_64_TO_32_BIT_CONVERSION = YES;
				GCC_WARN_ABOUT_RETURN_TYPE = YES_ERROR;
				GCC_WARN_UNDECLARED_SELECTOR = YES;
				GCC_WARN_UNINITIALIZED_AUTOS = YES_AGGRESSIVE;
				GCC_WARN_UNUSED_FUNCTION = YES;
				GCC_WARN_UNUSED_VARIABLE = YES;
				IPHONEOS_DEPLOYMENT_TARGET = 18.1;
				LOCALIZATION_PREFERS_STRING_CATALOGS = YES;
				MTL_ENABLE_DEBUG_INFO = INCLUDE_SOURCE;
				MTL_FAST_MATH = YES;
				ONLY_ACTIVE_ARCH = YES;
				SDKROOT = iphoneos;
				SWIFT_ACTIVE_COMPILATION_CONDITIONS = "DEBUG $(inherited)";
				SWIFT_OPTIMIZATION_LEVEL = "-Onone";
			};
			name = Debug;
		};
		5336DEF82DF9E50D005ED559 /* Release */ = {
			isa = XCBuildConfiguration;
			buildSettings = {
				ALWAYS_SEARCH_USER_PATHS = NO;
				ASSETCATALOG_COMPILER_GENERATE_SWIFT_ASSET_SYMBOL_EXTENSIONS = YES;
				CLANG_ANALYZER_NONNULL = YES;
				CLANG_ANALYZER_NUMBER_OBJECT_CONVERSION = YES_AGGRESSIVE;
				CLANG_CXX_LANGUAGE_STANDARD = "gnu++20";
				CLANG_ENABLE_MODULES = YES;
				CLANG_ENABLE_OBJC_ARC = YES;
				CLANG_ENABLE_OBJC_WEAK = YES;
				CLANG_WARN_BLOCK_CAPTURE_AUTORELEASING = YES;
				CLANG_WARN_BOOL_CONVERSION = YES;
				CLANG_WARN_COMMA = YES;
				CLANG_WARN_CONSTANT_CONVERSION = YES;
				CLANG_WARN_DEPRECATED_OBJC_IMPLEMENTATIONS = YES;
				CLANG_WARN_DIRECT_OBJC_ISA_USAGE = YES_ERROR;
				CLANG_WARN_DOCUMENTATION_COMMENTS = YES;
				CLANG_WARN_EMPTY_BODY = YES;
				CLANG_WARN_ENUM_CONVERSION = YES;
				CLANG_WARN_INFINITE_RECURSION = YES;
				CLANG_WARN_INT_CONVERSION = YES;
				CLANG_WARN_NON_LITERAL_NULL_CONVERSION = YES;
				CLANG_WARN_OBJC_IMPLICIT_RETAIN_SELF = YES;
				CLANG_WARN_OBJC_LITERAL_CONVERSION = YES;
				CLANG_WARN_OBJC_ROOT_CLASS = YES_ERROR;
				CLANG_WARN_QUOTED_INCLUDE_IN_FRAMEWORK_HEADER = YES;
				CLANG_WARN_RANGE_LOOP_ANALYSIS = YES;
				CLANG_WARN_STRICT_PROTOTYPES = YES;
				CLANG_WARN_SUSPICIOUS_MOVE = YES;
				CLANG_WARN_UNGUARDED_AVAILABILITY = YES_AGGRESSIVE;
				CLANG_WARN_UNREACHABLE_CODE = YES;
				CLANG_WARN__DUPLICATE_METHOD_MATCH = YES;
				COPY_PHASE_STRIP = NO;
				DEBUG_INFORMATION_FORMAT = "dwarf-with-dsym";
				ENABLE_NS_ASSERTIONS = NO;
				ENABLE_STRICT_OBJC_MSGSEND = YES;
				ENABLE_USER_SCRIPT_SANDBOXING = YES;
				GCC_C_LANGUAGE_STANDARD = gnu17;
				GCC_NO_COMMON_BLOCKS = YES;
				GCC_WARN_64_TO_32_BIT_CONVERSION = YES;
				GCC_WARN_ABOUT_RETURN_TYPE = YES_ERROR;
				GCC_WARN_UNDECLARED_SELECTOR = YES;
				GCC_WARN_UNINITIALIZED_AUTOS = YES_AGGRESSIVE;
				GCC_WARN_UNUSED_FUNCTION = YES;
				GCC_WARN_UNUSED_VARIABLE = YES;
				IPHONEOS_DEPLOYMENT_TARGET = 18.1;
				LOCALIZATION_PREFERS_STRING_CATALOGS = YES;
				MTL_ENABLE_DEBUG_INFO = NO;
				MTL_FAST_MATH = YES;
				SDKROOT = iphoneos;
				SWIFT_COMPILATION_MODE = wholemodule;
				VALIDATE_PRODUCT = YES;
			};
			name = Release;
		};
		5336DEFA2DF9E50D005ED559 /* Debug */ = {
			isa = XCBuildConfiguration;
			buildSettings = {
				ASSETCATALOG_COMPILER_APPICON_NAME = AppIcon;
				ASSETCATALOG_COMPILER_GLOBAL_ACCENT_COLOR_NAME = AccentColor;
				CODE_SIGN_STYLE = Automatic;
				CURRENT_PROJECT_VERSION = 1;
				DEVELOPMENT_ASSET_PATHS = "\"Roommate/Preview Content\"";
				DEVELOPMENT_TEAM = BAFB3SW982;
				ENABLE_PREVIEWS = YES;
				GENERATE_INFOPLIST_FILE = YES;
				INFOPLIST_KEY_CFBundleDisplayName = RoomMate;
				INFOPLIST_KEY_LSApplicationCategoryType = "public.app-category.productivity";
				INFOPLIST_KEY_UIApplicationSceneManifest_Generation = YES;
				INFOPLIST_KEY_UIApplicationSupportsIndirectInputEvents = YES;
				INFOPLIST_KEY_UILaunchScreen_Generation = YES;
				INFOPLIST_KEY_UIStatusBarStyle = "";
				INFOPLIST_KEY_UISupportedInterfaceOrientations_iPad = "UIInterfaceOrientationPortrait UIInterfaceOrientationPortraitUpsideDown UIInterfaceOrientationLandscapeLeft UIInterfaceOrientationLandscapeRight";
				INFOPLIST_KEY_UISupportedInterfaceOrientations_iPhone = "UIInterfaceOrientationPortrait UIInterfaceOrientationLandscapeLeft UIInterfaceOrientationLandscapeRight";
				LD_RUNPATH_SEARCH_PATHS = (
					"$(inherited)",
					"@executable_path/Frameworks",
				);
				MARKETING_VERSION = 1.0;
				PRODUCT_BUNDLE_IDENTIFIER = com.igorbuenofranco.Roommate;
				PRODUCT_NAME = "$(TARGET_NAME)";
				SWIFT_EMIT_LOC_STRINGS = YES;
				SWIFT_VERSION = 5.0;
				TARGETED_DEVICE_FAMILY = "1,2";
			};
			name = Debug;
		};
		5336DEFB2DF9E50D005ED559 /* Release */ = {
			isa = XCBuildConfiguration;
			buildSettings = {
				ASSETCATALOG_COMPILER_APPICON_NAME = AppIcon;
				ASSETCATALOG_COMPILER_GLOBAL_ACCENT_COLOR_NAME = AccentColor;
				CODE_SIGN_STYLE = Automatic;
				CURRENT_PROJECT_VERSION = 1;
				DEVELOPMENT_ASSET_PATHS = "\"Roommate/Preview Content\"";
				DEVELOPMENT_TEAM = BAFB3SW982;
				ENABLE_PREVIEWS = YES;
				GENERATE_INFOPLIST_FILE = YES;
				INFOPLIST_KEY_CFBundleDisplayName = RoomMate;
				INFOPLIST_KEY_LSApplicationCategoryType = "public.app-category.productivity";
				INFOPLIST_KEY_UIApplicationSceneManifest_Generation = YES;
				INFOPLIST_KEY_UIApplicationSupportsIndirectInputEvents = YES;
				INFOPLIST_KEY_UILaunchScreen_Generation = YES;
				INFOPLIST_KEY_UIStatusBarStyle = "";
				INFOPLIST_KEY_UISupportedInterfaceOrientations_iPad = "UIInterfaceOrientationPortrait UIInterfaceOrientationPortraitUpsideDown UIInterfaceOrientationLandscapeLeft UIInterfaceOrientationLandscapeRight";
				INFOPLIST_KEY_UISupportedInterfaceOrientations_iPhone = "UIInterfaceOrientationPortrait UIInterfaceOrientationLandscapeLeft UIInterfaceOrientationLandscapeRight";
				LD_RUNPATH_SEARCH_PATHS = (
					"$(inherited)",
					"@executable_path/Frameworks",
				);
				MARKETING_VERSION = 1.0;
				PRODUCT_BUNDLE_IDENTIFIER = com.igorbuenofranco.Roommate;
				PRODUCT_NAME = "$(TARGET_NAME)";
				SWIFT_EMIT_LOC_STRINGS = YES;
				SWIFT_VERSION = 5.0;
				TARGETED_DEVICE_FAMILY = "1,2";
			};
			name = Release;
		};
		5336DEFD2DF9E50D005ED559 /* Debug */ = {
			isa = XCBuildConfiguration;
			buildSettings = {
				BUNDLE_LOADER = "$(TEST_HOST)";
				CODE_SIGN_STYLE = Automatic;
				CURRENT_PROJECT_VERSION = 1;
				DEVELOPMENT_TEAM = BAFB3SW982;
				GENERATE_INFOPLIST_FILE = YES;
				IPHONEOS_DEPLOYMENT_TARGET = 18.1;
				MARKETING_VERSION = 1.0;
				PRODUCT_BUNDLE_IDENTIFIER = com.igorbuenofranco.RoommateTests;
				PRODUCT_NAME = "$(TARGET_NAME)";
				SWIFT_EMIT_LOC_STRINGS = NO;
				SWIFT_VERSION = 5.0;
				TARGETED_DEVICE_FAMILY = "1,2";
				TEST_HOST = "$(BUILT_PRODUCTS_DIR)/Roommate.app/$(BUNDLE_EXECUTABLE_FOLDER_PATH)/Roommate";
			};
			name = Debug;
		};
		5336DEFE2DF9E50D005ED559 /* Release */ = {
			isa = XCBuildConfiguration;
			buildSettings = {
				BUNDLE_LOADER = "$(TEST_HOST)";
				CODE_SIGN_STYLE = Automatic;
				CURRENT_PROJECT_VERSION = 1;
				DEVELOPMENT_TEAM = BAFB3SW982;
				GENERATE_INFOPLIST_FILE = YES;
				IPHONEOS_DEPLOYMENT_TARGET = 18.1;
				MARKETING_VERSION = 1.0;
				PRODUCT_BUNDLE_IDENTIFIER = com.igorbuenofranco.RoommateTests;
				PRODUCT_NAME = "$(TARGET_NAME)";
				SWIFT_EMIT_LOC_STRINGS = NO;
				SWIFT_VERSION = 5.0;
				TARGETED_DEVICE_FAMILY = "1,2";
				TEST_HOST = "$(BUILT_PRODUCTS_DIR)/Roommate.app/$(BUNDLE_EXECUTABLE_FOLDER_PATH)/Roommate";
			};
			name = Release;
		};
		5336DF002DF9E50D005ED559 /* Debug */ = {
			isa = XCBuildConfiguration;
			buildSettings = {
				CODE_SIGN_STYLE = Automatic;
				CURRENT_PROJECT_VERSION = 1;
				DEVELOPMENT_TEAM = BAFB3SW982;
				GENERATE_INFOPLIST_FILE = YES;
				MARKETING_VERSION = 1.0;
				PRODUCT_BUNDLE_IDENTIFIER = com.igorbuenofranco.RoommateUITests;
				PRODUCT_NAME = "$(TARGET_NAME)";
				SWIFT_EMIT_LOC_STRINGS = NO;
				SWIFT_VERSION = 5.0;
				TARGETED_DEVICE_FAMILY = "1,2";
				TEST_TARGET_NAME = Roommate;
			};
			name = Debug;
		};
		5336DF012DF9E50D005ED559 /* Release */ = {
			isa = XCBuildConfiguration;
			buildSettings = {
				CODE_SIGN_STYLE = Automatic;
				CURRENT_PROJECT_VERSION = 1;
				DEVELOPMENT_TEAM = BAFB3SW982;
				GENERATE_INFOPLIST_FILE = YES;
				MARKETING_VERSION = 1.0;
				PRODUCT_BUNDLE_IDENTIFIER = com.igorbuenofranco.RoommateUITests;
				PRODUCT_NAME = "$(TARGET_NAME)";
				SWIFT_EMIT_LOC_STRINGS = NO;
				SWIFT_VERSION = 5.0;
				TARGETED_DEVICE_FAMILY = "1,2";
				TEST_TARGET_NAME = Roommate;
			};
			name = Release;
		};
/* End XCBuildConfiguration section */

/* Begin XCConfigurationList section */
		5336DECB2DF9E509005ED559 /* Build configuration list for PBXProject "Roommate" */ = {
			isa = XCConfigurationList;
			buildConfigurations = (
				5336DEF72DF9E50D005ED559 /* Debug */,
				5336DEF82DF9E50D005ED559 /* Release */,
			);
			defaultConfigurationIsVisible = 0;
			defaultConfigurationName = Release;
		};
		5336DEF92DF9E50D005ED559 /* Build configuration list for PBXNativeTarget "Roommate" */ = {
			isa = XCConfigurationList;
			buildConfigurations = (
				5336DEFA2DF9E50D005ED559 /* Debug */,
				5336DEFB2DF9E50D005ED559 /* Release */,
			);
			defaultConfigurationIsVisible = 0;
			defaultConfigurationName = Release;
		};
		5336DEFC2DF9E50D005ED559 /* Build configuration list for PBXNativeTarget "RoommateTests" */ = {
			isa = XCConfigurationList;
			buildConfigurations = (
				5336DEFD2DF9E50D005ED559 /* Debug */,
				5336DEFE2DF9E50D005ED559 /* Release */,
			);
			defaultConfigurationIsVisible = 0;
			defaultConfigurationName = Release;
		};
		5336DEFF2DF9E50D005ED559 /* Build configuration list for PBXNativeTarget "RoommateUITests" */ = {
			isa = XCConfigurationList;
			buildConfigurations = (
				5336DF002DF9E50D005ED559 /* Debug */,
				5336DF012DF9E50D005ED559 /* Release */,
			);
			defaultConfigurationIsVisible = 0;
			defaultConfigurationName = Release;
		};
/* End XCConfigurationList section */
	};
	rootObject = 5336DEC82DF9E509005ED559 /* Project object */;
}
